version = 1
revision = 3
requires-python = ">=3.9"

[[package]]
name = "cachetools"
version = "5.5.2"
source = { registry = "https://pypi.org/simple" }
sdist = { url = "https://files.pythonhosted.org/packages/6c/81/3747dad6b14fa2cf53fcf10548cf5aea6913e96fab41a3c198676f8948a5/cachetools-5.5.2.tar.gz", hash = "sha256:1a661caa9175d26759571b2e19580f9d6393969e5dfca11fdb1f947a23e640d4", size = 28380, upload-time = "2025-02-20T21:01:19.524Z" }
wheels = [
    { url = "https://files.pythonhosted.org/packages/72/76/20fa66124dbe6be5cafeb312ece67de6b61dd91a0247d1ea13db4ebb33c2/cachetools-5.5.2-py3-none-any.whl", hash = "sha256:d26a22bcc62eb95c3beabd9f1ee5e820d3d2704fe2967cbe350e20c8ffcd3f0a", size = 10080, upload-time = "2025-02-20T21:01:16.647Z" },
]

[[package]]
name = "chardet"
version = "5.2.0"
source = { registry = "https://pypi.org/simple" }
sdist = { url = "https://files.pythonhosted.org/packages/f3/0d/f7b6ab21ec75897ed80c17d79b15951a719226b9fababf1e40ea74d69079/chardet-5.2.0.tar.gz", hash = "sha256:1b3b6ff479a8c414bc3fa2c0852995695c4a026dcd6d0633b2dd092ca39c1cf7", size = 2069618, upload-time = "2023-08-01T19:23:02.662Z" }
wheels = [
    { url = "https://files.pythonhosted.org/packages/38/6f/f5fbc992a329ee4e0f288c1fe0e2ad9485ed064cac731ed2fe47dcc38cbf/chardet-5.2.0-py3-none-any.whl", hash = "sha256:e1cf59446890a00105fe7b7912492ea04b6e6f06d4b742b2c788469e34c82970", size = 199385, upload-time = "2023-08-01T19:23:00.661Z" },
]

[[package]]
name = "cocotb"
version = "2.0.1"
source = { registry = "https://pypi.org/simple" }
dependencies = [
    { name = "find-libpython" },
]
sdist = { url = "https://files.pythonhosted.org/packages/28/f1/40b6086c1bba60cc7c59ff40815b35a5c364711d1ee86c878a296b0a963b/cocotb-2.0.1.tar.gz", hash = "sha256:69887748412ff43e98f8579ad6c0da1f6ff19a94d0c3b4d6da472d8e86784e82", size = 318250, upload-time = "2025-11-15T12:45:24.01Z" }
wheels = [
    { url = "https://files.pythonhosted.org/packages/fd/72/38ccad950623c755410162201fea01d641163162c78d3826fcaae6aee4b8/cocotb-2.0.1-cp310-cp310-macosx_10_9_x86_64.whl", hash = "sha256:35d6e4b1553c541fa2236e32009ba8fc2cb2d9209d589c56c285352c600d2366", size = 652643, upload-time = "2025-11-15T12:44:06.215Z" },
    { url = "https://files.pythonhosted.org/packages/6a/b4/f42e9eae3f436473bd7dad49bc8e126337df592e3fb25015e20b91950026/cocotb-2.0.1-cp310-cp310-macosx_11_0_arm64.whl", hash = "sha256:8588fe4621db6e19b93f1d1b0a1aead37d23ad063d6b248b9a445e3f4104efac", size = 626646, upload-time = "2025-11-15T12:44:08.185Z" },
    { url = "https://files.pythonhosted.org/packages/2a/43/475902b743ba015057a6e3772621b22f6fe057d9d2bd096a866d4028c74b/cocotb-2.0.1-cp310-cp310-manylinux_2_17_x86_64.manylinux2014_x86_64.whl", hash = "sha256:d2730f19f5e3e800cc9a667fe2711812dd3a8c818f0167aa1e107e2b93624160", size = 4550246, upload-time = "2025-11-15T12:44:10.14Z" },
    { url = "https://files.pythonhosted.org/packages/53/4f/715b28ad280799bf50a6678a93a1487e906b5b99fec837e430a88430d524/cocotb-2.0.1-cp310-cp310-manylinux_2_5_i686.manylinux1_i686.manylinux_2_17_i686.manylinux2014_i686.whl", hash = "sha256:f92b5ca05178bf6c231d649758a221d58490bd0e3ddda5ea83500cb49e472e36", size = 4429425, upload-time = "2025-11-15T12:44:11.957Z" },
    { url = "https://files.pythonhosted.org/packages/5c/3a/a56ce5fb3b61a1a65fdce469baed16b7c5639f06199463a060a5593848b3/cocotb-2.0.1-cp310-cp310-win32.whl", hash = "sha256:223509932a610f1f20834103e4c0f2ce9acb1ed0b5982bdeddcbd2bbf1aba349", size = 578961, upload-time = "2025-11-15T12:44:13.8Z" },
    { url = "https://files.pythonhosted.org/packages/15/d9/1b70bed64dd80d20294793d4cea16292aa2eec5b034465e57d29a81c5738/cocotb-2.0.1-cp310-cp310-win_amd64.whl", hash = "sha256:c66018569d2f91ba8ea866984caf8fbb1cb6376102c187e99675c425ec1adcd9", size = 621017, upload-time = "2025-11-15T12:44:15.681Z" },
    { url = "https://files.pythonhosted.org/packages/61/19/fe5c3654a00579e468f5f91219b0c8527118d319946d0a242952a6150e56/cocotb-2.0.1-cp311-cp311-macosx_10_9_x86_64.whl", hash = "sha256:1b99e5eab7236993cab7b4ed6464a249ad32daca93a6aa2987d5048272d77315", size = 652639, upload-time = "2025-11-15T12:44:17.437Z" },
    { url = "https://files.pythonhosted.org/packages/11/e6/08e99da944fc29651beb268c604428f608aad371b1aa91d7477b28b2a258/cocotb-2.0.1-cp311-cp311-macosx_11_0_arm64.whl", hash = "sha256:cd45a2874c0a4fa11042259ab6a10d3226568c06ac27440101373cec54ae5789", size = 626644, upload-time = "2025-11-15T12:44:19.2Z" },
    { url = "https://files.pythonhosted.org/packages/38/e5/34a369afe4b6e1c46d77c35c661f50865c63f766de83111cf594127137f5/cocotb-2.0.1-cp311-cp311-manylinux_2_17_x86_64.manylinux2014_x86_64.whl", hash = "sha256:41e0244dce20ba3ef2830224f41f786ff5669fe14cec04db8ec92f9a8ac5b04f", size = 4550891, upload-time = "2025-11-15T12:44:20.818Z" },
    { url = "https://files.pythonhosted.org/packages/21/f6/22d50efd9579112a74052bd629340452a9decd5c337ed49ccd45bee07a7e/cocotb-2.0.1-cp311-cp311-manylinux_2_5_i686.manylinux1_i686.manylinux_2_17_i686.manylinux2014_i686.whl", hash = "sha256:f13862231a841ffdf44e67e4e4377006d51732c4713b39a30eb4c7322d9d5ac7", size = 4430055, upload-time = "2025-11-15T12:44:22.583Z" },
    { url = "https://files.pythonhosted.org/packages/0c/49/e6b80529830420103b42cdd247401d738edc4c10b0574ae7fbb4f566563b/cocotb-2.0.1-cp311-cp311-win32.whl", hash = "sha256:8437d4b39ecad5cddcda049b972878c8badc0b57a43dc94fb7cdecdf467b7427", size = 578959, upload-time = "2025-11-15T12:44:24.14Z" },
    { url = "https://files.pythonhosted.org/packages/91/f0/222d8bf439f1ccc3f59ae9c760eb04fe56d970ee8c97237d35e3b5948e6c/cocotb-2.0.1-cp311-cp311-win_amd64.whl", hash = "sha256:a042b8c5b4d70f873a652ba60f1f17a21ff621e243a02bffa4f11a037ca21af5", size = 621039, upload-time = "2025-11-15T12:44:26.532Z" },
    { url = "https://files.pythonhosted.org/packages/f0/f4/551d7c120861d165f2b6216da743f52f2542c82fecf2efc57244ff727725/cocotb-2.0.1-cp312-cp312-macosx_10_9_x86_64.whl", hash = "sha256:5a197c451312333170119378d796a29a6c9413e6283e9de3614c4f35af6e9d1f", size = 652791, upload-time = "2025-11-15T12:44:28.016Z" },
    { url = "https://files.pythonhosted.org/packages/b1/61/0b9b123e19a015d023dc1bccc9e258c762495ae025e50e400c20bbe44514/cocotb-2.0.1-cp312-cp312-macosx_11_0_arm64.whl", hash = "sha256:ca491be0eff5cfa2a16f19aeb1aa62967a9d40b0882e32636ffd517c12c1f289", size = 626744, upload-time = "2025-11-15T12:44:29.572Z" },
    { url = "https://files.pythonhosted.org/packages/80/73/c83f71f926e382fe5251e55473fd6549d41bec1731f0a2fba67f387f1522/cocotb-2.0.1-cp312-cp312-manylinux_2_17_x86_64.manylinux2014_x86_64.whl", hash = "sha256:4fd0ae786019d18e7195a1186f93bff5afcda7b5aba8de710d3e74182e57a116", size = 4552834, upload-time = "2025-11-15T12:44:31.354Z" },
    { url = "https://files.pythonhosted.org/packages/76/d4/c232bc4425b947830c57bf03c6a5bc2221c5143af394171ed00cdc873301/cocotb-2.0.1-cp312-cp312-manylinux_2_5_i686.manylinux1_i686.manylinux_2_17_i686.manylinux2014_i686.whl", hash = "sha256:3a2df61424b355899cab0f252b14f69d5c2c6b1c9422b2a4152eaa3fd169a9d6", size = 4430676, upload-time = "2025-11-15T12:44:33.548Z" },
    { url = "https://files.pythonhosted.org/packages/7f/1a/ccb2ea752a309da0a4964decdbc28c5351b6a5515cbb219702105b41f484/cocotb-2.0.1-cp312-cp312-win32.whl", hash = "sha256:5798b47a4df3b4eb17a4b214c889d70d31e710b81a2109538b006569780bd115", size = 579079, upload-time = "2025-11-15T12:44:34.986Z" },
    { url = "https://files.pythonhosted.org/packages/94/2d/caff286087ceef8b514cd490328a8e9b76b36431120555931f2645cf2153/cocotb-2.0.1-cp312-cp312-win_amd64.whl", hash = "sha256:f08b5ef2e59460a0ebee6927a3c92fdb66823278a295df50042a40df3314be8c", size = 621164, upload-time = "2025-11-15T12:44:36.577Z" },
    { url = "https://files.pythonhosted.org/packages/d1/ca/539c3f34a8b44c34ec4ea282cc643323166c2b590afb40d7ed70b917d781/cocotb-2.0.1-cp313-cp313-macosx_10_13_x86_64.whl", hash = "sha256:1564125b6ace66b3f350d083a97308249c247515891487b56e527d9a4e7ebb0a", size = 644950, upload-time = "2025-11-15T12:44:38.054Z" },
    { url = "https://files.pythonhosted.org/packages/65/dc/dec80c9e5ed4bf8d517d6a2482d00d7be9e0a7ab2be7fccc291f14eb35e1/cocotb-2.0.1-cp313-cp313-macosx_11_0_arm64.whl", hash = "sha256:be9d205fd5976cad89888dc394a91315037ccb7e684cd9f1a09f52509199cadf", size = 626748, upload-time = "2025-11-15T12:44:39.475Z" },
    { url = "https://files.pythonhosted.org/packages/fa/09/002ce8787c7b2f88a7f139242a2781ee07fa63ff337600b23a07a83c9564/cocotb-2.0.1-cp313-cp313-manylinux_2_17_x86_64.manylinux2014_x86_64.whl", hash = "sha256:9236df78a8fcdecb09a0916300c55ce1ab7a92fc67ac09b22f63ff592a47232e", size = 4552510, upload-time = "2025-11-15T12:44:41.563Z" },
    { url = "https://files.pythonhosted.org/packages/ae/6d/13de0eb3a1fd94db7457ed71289fecc91407a5d9444bba9d9e1e341a5a60/cocotb-2.0.1-cp313-cp313-manylinux_2_5_i686.manylinux1_i686.manylinux_2_17_i686.manylinux2014_i686.whl", hash = "sha256:fed79b086414ac2d5faa1eff74b7533cb46404dfcd5a8e52cdffaeecdf98033a", size = 4430345, upload-time = "2025-11-15T12:44:43.612Z" },
    { url = "https://files.pythonhosted.org/packages/2f/4f/bfa12c4f38951584f2942d30e0dd40a2897a4d2ea6c01d9d50d175633845/cocotb-2.0.1-cp313-cp313-win32.whl", hash = "sha256:ad5ed2c7ced2c8088d9ee8bd0c0d4497297248d76698c2940e978d5e54dbed33", size = 579105, upload-time = "2025-11-15T12:44:45.118Z" },
    { url = "https://files.pythonhosted.org/packages/6a/d3/91d12e4b8c7b05bed87b53552d4f0d2a28b3de23730ba20b1e0fd88961f2/cocotb-2.0.1-cp313-cp313-win_amd64.whl", hash = "sha256:d1329c0efc1b460f12f8c76e5d030322adb4e89bc48f70c6f0805535d6eb1b10", size = 621171, upload-time = "2025-11-15T12:44:46.414Z" },
    { url = "https://files.pythonhosted.org/packages/e4/a0/cdefa19ac2bcef18eeb97a029d047515ce6909b34359ad9d3622b6e82996/cocotb-2.0.1-cp39-cp39-macosx_10_9_x86_64.whl", hash = "sha256:faf3ec2916d2392bfa22825d46615c55fc23a3c0e93e5d8bba56aaeda1245cf7", size = 652648, upload-time = "2025-11-15T12:45:14.693Z" },
    { url = "https://files.pythonhosted.org/packages/f6/07/845cd9a91e285f753f4f47b712a8ce522a71ad5f9e0b12dbdb4d5fa13edd/cocotb-2.0.1-cp39-cp39-macosx_11_0_arm64.whl", hash = "sha256:6169ca1f74b38ba98a7f10f3b3b8a9688bb5c70df18bde408479a10d8d79c439", size = 626649, upload-time = "2025-11-15T12:45:16.151Z" },
    { url = "https://files.pythonhosted.org/packages/b2/a9/33e4d0e2983578d7b517f3b466d0b7b1c7728fe2a53d086854178ed19da9/cocotb-2.0.1-cp39-cp39-manylinux_2_17_x86_64.manylinux2014_x86_64.whl", hash = "sha256:3ae37e7e2ebf9198470c8aeb9f43e3c97197b7f5e764b4ee2813936120c4232e", size = 4549422, upload-time = "2025-11-15T12:45:17.727Z" },
    { url = "https://files.pythonhosted.org/packages/c8/98/518f6708b07d6133ab38eb01dfd3bcb5c935f29d884781e74ffbc399ff1f/cocotb-2.0.1-cp39-cp39-manylinux_2_5_i686.manylinux1_i686.manylinux_2_17_i686.manylinux2014_i686.whl", hash = "sha256:fa8501f3299f753f7484604db07747790b66f0e4c99e51fc51885df4bf17af44", size = 4428802, upload-time = "2025-11-15T12:45:19.752Z" },
    { url = "https://files.pythonhosted.org/packages/00/a8/3d848d988294e75b84c3dccb8c92ddcc3e42ec5d3ba048a70f0bd3d0de01/cocotb-2.0.1-cp39-cp39-win32.whl", hash = "sha256:a15644175b38f64d7c60694c3bae22cebf0605c1a537ea842596769711fa3877", size = 578943, upload-time = "2025-11-15T12:45:21.287Z" },
    { url = "https://files.pythonhosted.org/packages/72/dd/1ee53a6062d5dd72d5e4eaf599f6eca1a68844a79c981bc42793a284a912/cocotb-2.0.1-cp39-cp39-win_amd64.whl", hash = "sha256:64f48c3d02a2b0b9b976e3a0c9f9e0580dc6eeb1f6bb85d18a6ef791e6ddfe7c", size = 621013, upload-time = "2025-11-15T12:45:22.629Z" },
]

[[package]]
name = "cocotb-test"
version = "0.2.6"
source = { registry = "https://pypi.org/simple" }
dependencies = [
    { name = "cocotb" },
    { name = "find-libpython" },
    { name = "pytest" },
]
sdist = { url = "https://files.pythonhosted.org/packages/cd/49/2d00e3518fcff0abc4c15207b1d14745420c6b4b4c7ece60d5c35717842e/cocotb_test-0.2.6.tar.gz", hash = "sha256:a4661948ca145eee6bccaf832174b5efb9f6d3420677157c04ade72bb2160692", size = 21254, upload-time = "2025-01-04T15:42:34.136Z" }

[[package]]
name = "cocotbext-spi"
source = { editable = "." }
dependencies = [
    { name = "cocotb" },
]

[package.dev-dependencies]
dev = [
    { name = "cocotb-test" },
    { name = "pytest" },
    { name = "pytest-xdist" },
    { name = "tox" },
]
lint = [
    { name = "flake8" },
]

[package.metadata]
requires-dist = [{ name = "cocotb", specifier = ">=2.0.0" }]

[package.metadata.requires-dev]
dev = [
    { name = "cocotb-test", specifier = ">=0.2.6" },
    { name = "pytest", specifier = ">=8.3.5" },
    { name = "pytest-xdist", specifier = ">=3.6.1" },
    { name = "tox", specifier = ">=4.25.0" },
]
lint = [{ name = "flake8", specifier = ">=7.3.0" }]

[[package]]
name = "colorama"
version = "0.4.6"
source = { registry = "https://pypi.org/simple" }
sdist = { url = "https://files.pythonhosted.org/packages/d8/53/6f443c9a4a8358a93a6792e2acffb9d9d5cb0a5cfd8802644b7b1c9a02e4/colorama-0.4.6.tar.gz", hash = "sha256:08695f5cb7ed6e0531a20572697297273c47b8cae5a63ffc6d6ed5c201be6e44", size = 27697, upload-time = "2022-10-25T02:36:22.414Z" }
wheels = [
    { url = "https://files.pythonhosted.org/packages/d1/d6/3965ed04c63042e047cb6a3e6ed1a63a35087b6a609aa3a15ed8ac56c221/colorama-0.4.6-py2.py3-none-any.whl", hash = "sha256:4f1d9991f5acc0ca119f9d443620b77f9d6b33703e51011c16baf57afb285fc6", size = 25335, upload-time = "2022-10-25T02:36:20.889Z" },
]

[[package]]
name = "distlib"
version = "0.3.9"
source = { registry = "https://pypi.org/simple" }
sdist = { url = "https://files.pythonhosted.org/packages/0d/dd/1bec4c5ddb504ca60fc29472f3d27e8d4da1257a854e1d96742f15c1d02d/distlib-0.3.9.tar.gz", hash = "sha256:a60f20dea646b8a33f3e7772f74dc0b2d0772d2837ee1342a00645c81edf9403", size = 613923, upload-time = "2024-10-09T18:35:47.551Z" }
wheels = [
    { url = "https://files.pythonhosted.org/packages/91/a1/cf2472db20f7ce4a6be1253a81cfdf85ad9c7885ffbed7047fb72c24cf87/distlib-0.3.9-py2.py3-none-any.whl", hash = "sha256:47f8c22fd27c27e25a65601af709b38e4f0a45ea4fc2e710f65755fa8caaaf87", size = 468973, upload-time = "2024-10-09T18:35:44.272Z" },
]

[[package]]
name = "exceptiongroup"
version = "1.2.2"
source = { registry = "https://pypi.org/simple" }
sdist = { url = "https://files.pythonhosted.org/packages/09/35/2495c4ac46b980e4ca1f6ad6db102322ef3ad2410b79fdde159a4b0f3b92/exceptiongroup-1.2.2.tar.gz", hash = "sha256:47c2edf7c6738fafb49fd34290706d1a1a2f4d1c6df275526b62cbb4aa5393cc", size = 28883, upload-time = "2024-07-12T22:26:00.161Z" }
wheels = [
    { url = "https://files.pythonhosted.org/packages/02/cc/b7e31358aac6ed1ef2bb790a9746ac2c69bcb3c8588b41616914eb106eaf/exceptiongroup-1.2.2-py3-none-any.whl", hash = "sha256:3111b9d131c238bec2f8f516e123e14ba243563fb135d3fe885990585aa7795b", size = 16453, upload-time = "2024-07-12T22:25:58.476Z" },
]

[[package]]
name = "execnet"
version = "2.1.1"
source = { registry = "https://pypi.org/simple" }
sdist = { url = "https://files.pythonhosted.org/packages/bb/ff/b4c0dc78fbe20c3e59c0c7334de0c27eb4001a2b2017999af398bf730817/execnet-2.1.1.tar.gz", hash = "sha256:5189b52c6121c24feae288166ab41b32549c7e2348652736540b9e6e7d4e72e3", size = 166524, upload-time = "2024-04-08T09:04:19.245Z" }
wheels = [
    { url = "https://files.pythonhosted.org/packages/43/09/2aea36ff60d16dd8879bdb2f5b3ee0ba8d08cbbdcdfe870e695ce3784385/execnet-2.1.1-py3-none-any.whl", hash = "sha256:26dee51f1b80cebd6d0ca8e74dd8745419761d3bef34163928cbebbdc4749fdc", size = 40612, upload-time = "2024-04-08T09:04:17.414Z" },
]

[[package]]
name = "filelock"
version = "3.18.0"
source = { registry = "https://pypi.org/simple" }
sdist = { url = "https://files.pythonhosted.org/packages/0a/10/c23352565a6544bdc5353e0b15fc1c563352101f30e24bf500207a54df9a/filelock-3.18.0.tar.gz", hash = "sha256:adbc88eabb99d2fec8c9c1b229b171f18afa655400173ddc653d5d01501fb9f2", size = 18075, upload-time = "2025-03-14T07:11:40.47Z" }
wheels = [
    { url = "https://files.pythonhosted.org/packages/4d/36/2a115987e2d8c300a974597416d9de88f2444426de9571f4b59b2cca3acc/filelock-3.18.0-py3-none-any.whl", hash = "sha256:c401f4f8377c4464e6db25fff06205fd89bdd83b65eb0488ed1b160f780e21de", size = 16215, upload-time = "2025-03-14T07:11:39.145Z" },
]

[[package]]
name = "find-libpython"
version = "0.4.0"
source = { registry = "https://pypi.org/simple" }
sdist = { url = "https://files.pythonhosted.org/packages/db/86/b1d3a9c49d907cac74f9d8bcead2c8e807a878c0e218d8ef1d38e6a4f59a/find_libpython-0.4.0.tar.gz", hash = "sha256:46f9cdcd397ddb563b2d7592ded3796a41c1df5222443bd9d981721c906c03e6", size = 8979, upload-time = "2024-03-13T17:01:10.727Z" }
wheels = [
    { url = "https://files.pythonhosted.org/packages/1d/89/6b4624122d5c61a86e8aebcebd377866338b705ce4f115c45b046dc09b99/find_libpython-0.4.0-py3-none-any.whl", hash = "sha256:034a4253bd57da3408aefc59aeac1650150f6c1f42e10fdd31615cf1df0842e3", size = 8670, upload-time = "2024-03-13T17:01:09.712Z" },
]

[[package]]
name = "flake8"
version = "7.3.0"
source = { registry = "https://pypi.org/simple" }
dependencies = [
    { name = "mccabe" },
    { name = "pycodestyle" },
    { name = "pyflakes" },
]
sdist = { url = "https://files.pythonhosted.org/packages/9b/af/fbfe3c4b5a657d79e5c47a2827a362f9e1b763336a52f926126aa6dc7123/flake8-7.3.0.tar.gz", hash = "sha256:fe044858146b9fc69b551a4b490d69cf960fcb78ad1edcb84e7fbb1b4a8e3872", size = 48326, upload-time = "2025-06-20T19:31:35.838Z" }
wheels = [
    { url = "https://files.pythonhosted.org/packages/9f/56/13ab06b4f93ca7cac71078fbe37fcea175d3216f31f85c3168a6bbd0bb9a/flake8-7.3.0-py2.py3-none-any.whl", hash = "sha256:b9696257b9ce8beb888cdbe31cf885c90d31928fe202be0889a7cdafad32f01e", size = 57922, upload-time = "2025-06-20T19:31:34.425Z" },
]

[[package]]
name = "iniconfig"
version = "2.1.0"
source = { registry = "https://pypi.org/simple" }
sdist = { url = "https://files.pythonhosted.org/packages/f2/97/ebf4da567aa6827c909642694d71c9fcf53e5b504f2d96afea02718862f3/iniconfig-2.1.0.tar.gz", hash = "sha256:3abbd2e30b36733fee78f9c7f7308f2d0050e88f0087fd25c2645f63c773e1c7", size = 4793, upload-time = "2025-03-19T20:09:59.721Z" }
wheels = [
    { url = "https://files.pythonhosted.org/packages/2c/e1/e6716421ea10d38022b952c159d5161ca1193197fb744506875fbb87ea7b/iniconfig-2.1.0-py3-none-any.whl", hash = "sha256:9deba5723312380e77435581c6bf4935c94cbfab9b1ed33ef8d238ea168eb760", size = 6050, upload-time = "2025-03-19T20:10:01.071Z" },
]

[[package]]
name = "mccabe"
version = "0.7.0"
source = { registry = "https://pypi.org/simple" }
sdist = { url = "https://files.pythonhosted.org/packages/e7/ff/0ffefdcac38932a54d2b5eed4e0ba8a408f215002cd178ad1df0f2806ff8/mccabe-0.7.0.tar.gz", hash = "sha256:348e0240c33b60bbdf4e523192ef919f28cb2c3d7d5c7794f74009290f236325", size = 9658, upload-time = "2022-01-24T01:14:51.113Z" }
wheels = [
    { url = "https://files.pythonhosted.org/packages/27/1a/1f68f9ba0c207934b35b86a8ca3aad8395a3d6dd7921c0686e23853ff5a9/mccabe-0.7.0-py2.py3-none-any.whl", hash = "sha256:6c2d30ab6be0e4a46919781807b4f0d834ebdd6c6e3dca0bda5a15f863427b6e", size = 7350, upload-time = "2022-01-24T01:14:49.62Z" },
]

[[package]]
name = "packaging"
version = "24.2"
source = { registry = "https://pypi.org/simple" }
sdist = { url = "https://files.pythonhosted.org/packages/d0/63/68dbb6eb2de9cb10ee4c9c14a0148804425e13c4fb20d61cce69f53106da/packaging-24.2.tar.gz", hash = "sha256:c228a6dc5e932d346bc5739379109d49e8853dd8223571c7c5b55260edc0b97f", size = 163950, upload-time = "2024-11-08T09:47:47.202Z" }
wheels = [
    { url = "https://files.pythonhosted.org/packages/88/ef/eb23f262cca3c0c4eb7ab1933c3b1f03d021f2c48f54763065b6f0e321be/packaging-24.2-py3-none-any.whl", hash = "sha256:09abb1bccd265c01f4a3aa3f7a7db064b36514d2cba19a2f694fe6150451a759", size = 65451, upload-time = "2024-11-08T09:47:44.722Z" },
]

[[package]]
name = "platformdirs"
version = "4.3.7"
source = { registry = "https://pypi.org/simple" }
sdist = { url = "https://files.pythonhosted.org/packages/b6/2d/7d512a3913d60623e7eb945c6d1b4f0bddf1d0b7ada5225274c87e5b53d1/platformdirs-4.3.7.tar.gz", hash = "sha256:eb437d586b6a0986388f0d6f74aa0cde27b48d0e3d66843640bfb6bdcdb6e351", size = 21291, upload-time = "2025-03-19T20:36:10.989Z" }
wheels = [
    { url = "https://files.pythonhosted.org/packages/6d/45/59578566b3275b8fd9157885918fcd0c4d74162928a5310926887b856a51/platformdirs-4.3.7-py3-none-any.whl", hash = "sha256:a03875334331946f13c549dbd8f4bac7a13a50a895a0eb1e8c6a8ace80d40a94", size = 18499, upload-time = "2025-03-19T20:36:09.038Z" },
]

[[package]]
name = "pluggy"
version = "1.5.0"
source = { registry = "https://pypi.org/simple" }
sdist = { url = "https://files.pythonhosted.org/packages/96/2d/02d4312c973c6050a18b314a5ad0b3210edb65a906f868e31c111dede4a6/pluggy-1.5.0.tar.gz", hash = "sha256:2cffa88e94fdc978c4c574f15f9e59b7f4201d439195c3715ca9e2486f1d0cf1", size = 67955, upload-time = "2024-04-20T21:34:42.531Z" }
wheels = [
    { url = "https://files.pythonhosted.org/packages/88/5f/e351af9a41f866ac3f1fac4ca0613908d9a41741cfcf2228f4ad853b697d/pluggy-1.5.0-py3-none-any.whl", hash = "sha256:44e1ad92c8ca002de6377e165f3e0f1be63266ab4d554740532335b9d75ea669", size = 20556, upload-time = "2024-04-20T21:34:40.434Z" },
]

[[package]]
name = "pycodestyle"
version = "2.14.0"
source = { registry = "https://pypi.org/simple" }
sdist = { url = "https://files.pythonhosted.org/packages/11/e0/abfd2a0d2efe47670df87f3e3a0e2edda42f055053c85361f19c0e2c1ca8/pycodestyle-2.14.0.tar.gz", hash = "sha256:c4b5b517d278089ff9d0abdec919cd97262a3367449ea1c8b49b91529167b783", size = 39472, upload-time = "2025-06-20T18:49:48.75Z" }
wheels = [
    { url = "https://files.pythonhosted.org/packages/d7/27/a58ddaf8c588a3ef080db9d0b7e0b97215cee3a45df74f3a94dbbf5c893a/pycodestyle-2.14.0-py2.py3-none-any.whl", hash = "sha256:dd6bf7cb4ee77f8e016f9c8e74a35ddd9f67e1d5fd4184d86c3b98e07099f42d", size = 31594, upload-time = "2025-06-20T18:49:47.491Z" },
]

[[package]]
name = "pyflakes"
version = "3.4.0"
source = { registry = "https://pypi.org/simple" }
sdist = { url = "https://files.pythonhosted.org/packages/45/dc/fd034dc20b4b264b3d015808458391acbf9df40b1e54750ef175d39180b1/pyflakes-3.4.0.tar.gz", hash = "sha256:b24f96fafb7d2ab0ec5075b7350b3d2d2218eab42003821c06344973d3ea2f58", size = 64669, upload-time = "2025-06-20T18:45:27.834Z" }
wheels = [
    { url = "https://files.pythonhosted.org/packages/c2/2f/81d580a0fb83baeb066698975cb14a618bdbed7720678566f1b046a95fe8/pyflakes-3.4.0-py2.py3-none-any.whl", hash = "sha256:f742a7dbd0d9cb9ea41e9a24a918996e8170c799fa528688d40dd582c8265f4f", size = 63551, upload-time = "2025-06-20T18:45:26.937Z" },
]

[[package]]
name = "pyproject-api"
version = "1.9.0"
source = { registry = "https://pypi.org/simple" }
dependencies = [
    { name = "packaging" },
    { name = "tomli", marker = "python_full_version < '3.11'" },
]
sdist = { url = "https://files.pythonhosted.org/packages/7e/66/fdc17e94486836eda4ba7113c0db9ac7e2f4eea1b968ee09de2fe75e391b/pyproject_api-1.9.0.tar.gz", hash = "sha256:7e8a9854b2dfb49454fae421cb86af43efbb2b2454e5646ffb7623540321ae6e", size = 22714, upload-time = "2025-01-21T18:02:00.923Z" }
wheels = [
    { url = "https://files.pythonhosted.org/packages/b0/1d/92b7c765df46f454889d9610292b0ccab15362be3119b9a624458455e8d5/pyproject_api-1.9.0-py3-none-any.whl", hash = "sha256:326df9d68dea22d9d98b5243c46e3ca3161b07a1b9b18e213d1e24fd0e605766", size = 13131, upload-time = "2025-01-21T18:01:58.927Z" },
]

[[package]]
name = "pytest"
version = "8.3.5"
source = { registry = "https://pypi.org/simple" }
dependencies = [
    { name = "colorama", marker = "sys_platform == 'win32'" },
    { name = "exceptiongroup", marker = "python_full_version < '3.11'" },
    { name = "iniconfig" },
    { name = "packaging" },
    { name = "pluggy" },
    { name = "tomli", marker = "python_full_version < '3.11'" },
]
sdist = { url = "https://files.pythonhosted.org/packages/ae/3c/c9d525a414d506893f0cd8a8d0de7706446213181570cdbd766691164e40/pytest-8.3.5.tar.gz", hash = "sha256:f4efe70cc14e511565ac476b57c279e12a855b11f48f212af1080ef2263d3845", size = 1450891, upload-time = "2025-03-02T12:54:54.503Z" }
wheels = [
    { url = "https://files.pythonhosted.org/packages/30/3d/64ad57c803f1fa1e963a7946b6e0fea4a70df53c1a7fed304586539c2bac/pytest-8.3.5-py3-none-any.whl", hash = "sha256:c69214aa47deac29fad6c2a4f590b9c4a9fdb16a403176fe154b79c0b4d4d820", size = 343634, upload-time = "2025-03-02T12:54:52.069Z" },
]

[[package]]
name = "pytest-xdist"
version = "3.6.1"
source = { registry = "https://pypi.org/simple" }
dependencies = [
    { name = "execnet" },
    { name = "pytest" },
]
sdist = { url = "https://files.pythonhosted.org/packages/41/c4/3c310a19bc1f1e9ef50075582652673ef2bfc8cd62afef9585683821902f/pytest_xdist-3.6.1.tar.gz", hash = "sha256:ead156a4db231eec769737f57668ef58a2084a34b2e55c4a8fa20d861107300d", size = 84060, upload-time = "2024-04-28T19:29:54.414Z" }
wheels = [
    { url = "https://files.pythonhosted.org/packages/6d/82/1d96bf03ee4c0fdc3c0cbe61470070e659ca78dc0086fb88b66c185e2449/pytest_xdist-3.6.1-py3-none-any.whl", hash = "sha256:9ed4adfb68a016610848639bb7e02c9352d5d9f03d04809919e2dafc3be4cca7", size = 46108, upload-time = "2024-04-28T19:29:52.813Z" },
]

[[package]]
name = "tomli"
version = "2.2.1"
source = { registry = "https://pypi.org/simple" }
sdist = { url = "https://files.pythonhosted.org/packages/18/87/302344fed471e44a87289cf4967697d07e532f2421fdaf868a303cbae4ff/tomli-2.2.1.tar.gz", hash = "sha256:cd45e1dc79c835ce60f7404ec8119f2eb06d38b1deba146f07ced3bbc44505ff", size = 17175, upload-time = "2024-11-27T22:38:36.873Z" }
wheels = [
    { url = "https://files.pythonhosted.org/packages/43/ca/75707e6efa2b37c77dadb324ae7d9571cb424e61ea73fad7c56c2d14527f/tomli-2.2.1-cp311-cp311-macosx_10_9_x86_64.whl", hash = "sha256:678e4fa69e4575eb77d103de3df8a895e1591b48e740211bd1067378c69e8249", size = 131077, upload-time = "2024-11-27T22:37:54.956Z" },
    { url = "https://files.pythonhosted.org/packages/c7/16/51ae563a8615d472fdbffc43a3f3d46588c264ac4f024f63f01283becfbb/tomli-2.2.1-cp311-cp311-macosx_11_0_arm64.whl", hash = "sha256:023aa114dd824ade0100497eb2318602af309e5a55595f76b626d6d9f3b7b0a6", size = 123429, upload-time = "2024-11-27T22:37:56.698Z" },
    { url = "https://files.pythonhosted.org/packages/f1/dd/4f6cd1e7b160041db83c694abc78e100473c15d54620083dbd5aae7b990e/tomli-2.2.1-cp311-cp311-manylinux_2_17_aarch64.manylinux2014_aarch64.whl", hash = "sha256:ece47d672db52ac607a3d9599a9d48dcb2f2f735c6c2d1f34130085bb12b112a", size = 226067, upload-time = "2024-11-27T22:37:57.63Z" },
    { url = "https://files.pythonhosted.org/packages/a9/6b/c54ede5dc70d648cc6361eaf429304b02f2871a345bbdd51e993d6cdf550/tomli-2.2.1-cp311-cp311-manylinux_2_17_x86_64.manylinux2014_x86_64.whl", hash = "sha256:6972ca9c9cc9f0acaa56a8ca1ff51e7af152a9f87fb64623e31d5c83700080ee", size = 236030, upload-time = "2024-11-27T22:37:59.344Z" },
    { url = "https://files.pythonhosted.org/packages/1f/47/999514fa49cfaf7a92c805a86c3c43f4215621855d151b61c602abb38091/tomli-2.2.1-cp311-cp311-manylinux_2_5_i686.manylinux1_i686.manylinux_2_17_i686.manylinux2014_i686.whl", hash = "sha256:c954d2250168d28797dd4e3ac5cf812a406cd5a92674ee4c8f123c889786aa8e", size = 240898, upload-time = "2024-11-27T22:38:00.429Z" },
    { url = "https://files.pythonhosted.org/packages/73/41/0a01279a7ae09ee1573b423318e7934674ce06eb33f50936655071d81a24/tomli-2.2.1-cp311-cp311-musllinux_1_2_aarch64.whl", hash = "sha256:8dd28b3e155b80f4d54beb40a441d366adcfe740969820caf156c019fb5c7ec4", size = 229894, upload-time = "2024-11-27T22:38:02.094Z" },
    { url = "https://files.pythonhosted.org/packages/55/18/5d8bc5b0a0362311ce4d18830a5d28943667599a60d20118074ea1b01bb7/tomli-2.2.1-cp311-cp311-musllinux_1_2_i686.whl", hash = "sha256:e59e304978767a54663af13c07b3d1af22ddee3bb2fb0618ca1593e4f593a106", size = 245319, upload-time = "2024-11-27T22:38:03.206Z" },
    { url = "https://files.pythonhosted.org/packages/92/a3/7ade0576d17f3cdf5ff44d61390d4b3febb8a9fc2b480c75c47ea048c646/tomli-2.2.1-cp311-cp311-musllinux_1_2_x86_64.whl", hash = "sha256:33580bccab0338d00994d7f16f4c4ec25b776af3ffaac1ed74e0b3fc95e885a8", size = 238273, upload-time = "2024-11-27T22:38:04.217Z" },
    { url = "https://files.pythonhosted.org/packages/72/6f/fa64ef058ac1446a1e51110c375339b3ec6be245af9d14c87c4a6412dd32/tomli-2.2.1-cp311-cp311-win32.whl", hash = "sha256:465af0e0875402f1d226519c9904f37254b3045fc5084697cefb9bdde1ff99ff", size = 98310, upload-time = "2024-11-27T22:38:05.908Z" },
    { url = "https://files.pythonhosted.org/packages/6a/1c/4a2dcde4a51b81be3530565e92eda625d94dafb46dbeb15069df4caffc34/tomli-2.2.1-cp311-cp311-win_amd64.whl", hash = "sha256:2d0f2fdd22b02c6d81637a3c95f8cd77f995846af7414c5c4b8d0545afa1bc4b", size = 108309, upload-time = "2024-11-27T22:38:06.812Z" },
    { url = "https://files.pythonhosted.org/packages/52/e1/f8af4c2fcde17500422858155aeb0d7e93477a0d59a98e56cbfe75070fd0/tomli-2.2.1-cp312-cp312-macosx_10_13_x86_64.whl", hash = "sha256:4a8f6e44de52d5e6c657c9fe83b562f5f4256d8ebbfe4ff922c495620a7f6cea", size = 132762, upload-time = "2024-11-27T22:38:07.731Z" },
    { url = "https://files.pythonhosted.org/packages/03/b8/152c68bb84fc00396b83e7bbddd5ec0bd3dd409db4195e2a9b3e398ad2e3/tomli-2.2.1-cp312-cp312-macosx_11_0_arm64.whl", hash = "sha256:8d57ca8095a641b8237d5b079147646153d22552f1c637fd3ba7f4b0b29167a8", size = 123453, upload-time = "2024-11-27T22:38:09.384Z" },
    { url = "https://files.pythonhosted.org/packages/c8/d6/fc9267af9166f79ac528ff7e8c55c8181ded34eb4b0e93daa767b8841573/tomli-2.2.1-cp312-cp312-manylinux_2_17_aarch64.manylinux2014_aarch64.whl", hash = "sha256:4e340144ad7ae1533cb897d406382b4b6fede8890a03738ff1683af800d54192", size = 233486, upload-time = "2024-11-27T22:38:10.329Z" },
    { url = "https://files.pythonhosted.org/packages/5c/51/51c3f2884d7bab89af25f678447ea7d297b53b5a3b5730a7cb2ef6069f07/tomli-2.2.1-cp312-cp312-manylinux_2_17_x86_64.manylinux2014_x86_64.whl", hash = "sha256:db2b95f9de79181805df90bedc5a5ab4c165e6ec3fe99f970d0e302f384ad222", size = 242349, upload-time = "2024-11-27T22:38:11.443Z" },
    { url = "https://files.pythonhosted.org/packages/ab/df/bfa89627d13a5cc22402e441e8a931ef2108403db390ff3345c05253935e/tomli-2.2.1-cp312-cp312-manylinux_2_5_i686.manylinux1_i686.manylinux_2_17_i686.manylinux2014_i686.whl", hash = "sha256:40741994320b232529c802f8bc86da4e1aa9f413db394617b9a256ae0f9a7f77", size = 252159, upload-time = "2024-11-27T22:38:13.099Z" },
    { url = "https://files.pythonhosted.org/packages/9e/6e/fa2b916dced65763a5168c6ccb91066f7639bdc88b48adda990db10c8c0b/tomli-2.2.1-cp312-cp312-musllinux_1_2_aarch64.whl", hash = "sha256:400e720fe168c0f8521520190686ef8ef033fb19fc493da09779e592861b78c6", size = 237243, upload-time = "2024-11-27T22:38:14.766Z" },
    { url = "https://files.pythonhosted.org/packages/b4/04/885d3b1f650e1153cbb93a6a9782c58a972b94ea4483ae4ac5cedd5e4a09/tomli-2.2.1-cp312-cp312-musllinux_1_2_i686.whl", hash = "sha256:02abe224de6ae62c19f090f68da4e27b10af2b93213d36cf44e6e1c5abd19fdd", size = 259645, upload-time = "2024-11-27T22:38:15.843Z" },
    { url = "https://files.pythonhosted.org/packages/9c/de/6b432d66e986e501586da298e28ebeefd3edc2c780f3ad73d22566034239/tomli-2.2.1-cp312-cp312-musllinux_1_2_x86_64.whl", hash = "sha256:b82ebccc8c8a36f2094e969560a1b836758481f3dc360ce9a3277c65f374285e", size = 244584, upload-time = "2024-11-27T22:38:17.645Z" },
    { url = "https://files.pythonhosted.org/packages/1c/9a/47c0449b98e6e7d1be6cbac02f93dd79003234ddc4aaab6ba07a9a7482e2/tomli-2.2.1-cp312-cp312-win32.whl", hash = "sha256:889f80ef92701b9dbb224e49ec87c645ce5df3fa2cc548664eb8a25e03127a98", size = 98875, upload-time = "2024-11-27T22:38:19.159Z" },
    { url = "https://files.pythonhosted.org/packages/ef/60/9b9638f081c6f1261e2688bd487625cd1e660d0a85bd469e91d8db969734/tomli-2.2.1-cp312-cp312-win_amd64.whl", hash = "sha256:7fc04e92e1d624a4a63c76474610238576942d6b8950a2d7f908a340494e67e4", size = 109418, upload-time = "2024-11-27T22:38:20.064Z" },
    { url = "https://files.pythonhosted.org/packages/04/90/2ee5f2e0362cb8a0b6499dc44f4d7d48f8fff06d28ba46e6f1eaa61a1388/tomli-2.2.1-cp313-cp313-macosx_10_13_x86_64.whl", hash = "sha256:f4039b9cbc3048b2416cc57ab3bda989a6fcf9b36cf8937f01a6e731b64f80d7", size = 132708, upload-time = "2024-11-27T22:38:21.659Z" },
    { url = "https://files.pythonhosted.org/packages/c0/ec/46b4108816de6b385141f082ba99e315501ccd0a2ea23db4a100dd3990ea/tomli-2.2.1-cp313-cp313-macosx_11_0_arm64.whl", hash = "sha256:286f0ca2ffeeb5b9bd4fcc8d6c330534323ec51b2f52da063b11c502da16f30c", size = 123582, upload-time = "2024-11-27T22:38:22.693Z" },
    { url = "https://files.pythonhosted.org/packages/a0/bd/b470466d0137b37b68d24556c38a0cc819e8febe392d5b199dcd7f578365/tomli-2.2.1-cp313-cp313-manylinux_2_17_aarch64.manylinux2014_aarch64.whl", hash = "sha256:a92ef1a44547e894e2a17d24e7557a5e85a9e1d0048b0b5e7541f76c5032cb13", size = 232543, upload-time = "2024-11-27T22:38:24.367Z" },
    { url = "https://files.pythonhosted.org/packages/d9/e5/82e80ff3b751373f7cead2815bcbe2d51c895b3c990686741a8e56ec42ab/tomli-2.2.1-cp313-cp313-manylinux_2_17_x86_64.manylinux2014_x86_64.whl", hash = "sha256:9316dc65bed1684c9a98ee68759ceaed29d229e985297003e494aa825ebb0281", size = 241691, upload-time = "2024-11-27T22:38:26.081Z" },
    { url = "https://files.pythonhosted.org/packages/05/7e/2a110bc2713557d6a1bfb06af23dd01e7dde52b6ee7dadc589868f9abfac/tomli-2.2.1-cp313-cp313-manylinux_2_5_i686.manylinux1_i686.manylinux_2_17_i686.manylinux2014_i686.whl", hash = "sha256:e85e99945e688e32d5a35c1ff38ed0b3f41f43fad8df0bdf79f72b2ba7bc5272", size = 251170, upload-time = "2024-11-27T22:38:27.921Z" },
    { url = "https://files.pythonhosted.org/packages/64/7b/22d713946efe00e0adbcdfd6d1aa119ae03fd0b60ebed51ebb3fa9f5a2e5/tomli-2.2.1-cp313-cp313-musllinux_1_2_aarch64.whl", hash = "sha256:ac065718db92ca818f8d6141b5f66369833d4a80a9d74435a268c52bdfa73140", size = 236530, upload-time = "2024-11-27T22:38:29.591Z" },
    { url = "https://files.pythonhosted.org/packages/38/31/3a76f67da4b0cf37b742ca76beaf819dca0ebef26d78fc794a576e08accf/tomli-2.2.1-cp313-cp313-musllinux_1_2_i686.whl", hash = "sha256:d920f33822747519673ee656a4b6ac33e382eca9d331c87770faa3eef562aeb2", size = 258666, upload-time = "2024-11-27T22:38:30.639Z" },
    { url = "https://files.pythonhosted.org/packages/07/10/5af1293da642aded87e8a988753945d0cf7e00a9452d3911dd3bb354c9e2/tomli-2.2.1-cp313-cp313-musllinux_1_2_x86_64.whl", hash = "sha256:a198f10c4d1b1375d7687bc25294306e551bf1abfa4eace6650070a5c1ae2744", size = 243954, upload-time = "2024-11-27T22:38:31.702Z" },
    { url = "https://files.pythonhosted.org/packages/5b/b9/1ed31d167be802da0fc95020d04cd27b7d7065cc6fbefdd2f9186f60d7bd/tomli-2.2.1-cp313-cp313-win32.whl", hash = "sha256:d3f5614314d758649ab2ab3a62d4f2004c825922f9e370b29416484086b264ec", size = 98724, upload-time = "2024-11-27T22:38:32.837Z" },
    { url = "https://files.pythonhosted.org/packages/c7/32/b0963458706accd9afcfeb867c0f9175a741bf7b19cd424230714d722198/tomli-2.2.1-cp313-cp313-win_amd64.whl", hash = "sha256:a38aa0308e754b0e3c67e344754dff64999ff9b513e691d0e786265c93583c69", size = 109383, upload-time = "2024-11-27T22:38:34.455Z" },
    { url = "https://files.pythonhosted.org/packages/6e/c2/61d3e0f47e2b74ef40a68b9e6ad5984f6241a942f7cd3bbfbdbd03861ea9/tomli-2.2.1-py3-none-any.whl", hash = "sha256:cb55c73c5f4408779d0cf3eef9f762b9c9f147a77de7b258bef0a5628adc85cc", size = 14257, upload-time = "2024-11-27T22:38:35.385Z" },
]

[[package]]
name = "tox"
version = "4.25.0"
source = { registry = "https://pypi.org/simple" }
dependencies = [
    { name = "cachetools" },
    { name = "chardet" },
    { name = "colorama" },
    { name = "filelock" },
    { name = "packaging" },
    { name = "platformdirs" },
    { name = "pluggy" },
    { name = "pyproject-api" },
    { name = "tomli", marker = "python_full_version < '3.11'" },
    { name = "typing-extensions", marker = "python_full_version < '3.11'" },
    { name = "virtualenv" },
]
sdist = { url = "https://files.pythonhosted.org/packages/fe/87/692478f0a194f1cad64803692642bd88c12c5b64eee16bf178e4a32e979c/tox-4.25.0.tar.gz", hash = "sha256:dd67f030317b80722cf52b246ff42aafd3ed27ddf331c415612d084304cf5e52", size = 196255, upload-time = "2025-03-27T15:13:37.519Z" }
wheels = [
    { url = "https://files.pythonhosted.org/packages/f9/38/33348de6fc4b1afb3d76d8485c8aecbdabcfb3af8da53d40c792332e2b37/tox-4.25.0-py3-none-any.whl", hash = "sha256:4dfdc7ba2cc6fdc6688dde1b21e7b46ff6c41795fb54586c91a3533317b5255c", size = 172420, upload-time = "2025-03-27T15:13:35.703Z" },
]

[[package]]
name = "typing-extensions"
version = "4.13.2"
source = { registry = "https://pypi.org/simple" }
sdist = { url = "https://files.pythonhosted.org/packages/f6/37/23083fcd6e35492953e8d2aaaa68b860eb422b34627b13f2ce3eb6106061/typing_extensions-4.13.2.tar.gz", hash = "sha256:e6c81219bd689f51865d9e372991c540bda33a0379d5573cddb9a3a23f7caaef", size = 106967, upload-time = "2025-04-10T14:19:05.416Z" }
wheels = [
    { url = "https://files.pythonhosted.org/packages/8b/54/b1ae86c0973cc6f0210b53d508ca3641fb6d0c56823f288d108bc7ab3cc8/typing_extensions-4.13.2-py3-none-any.whl", hash = "sha256:a439e7c04b49fec3e5d3e2beaa21755cadbbdc391694e28ccdd36ca4a1408f8c", size = 45806, upload-time = "2025-04-10T14:19:03.967Z" },
]

[[package]]
name = "virtualenv"
version = "20.30.0"
source = { registry = "https://pypi.org/simple" }
dependencies = [
    { name = "distlib" },
    { name = "filelock" },
    { name = "platformdirs" },
]
sdist = { url = "https://files.pythonhosted.org/packages/38/e0/633e369b91bbc664df47dcb5454b6c7cf441e8f5b9d0c250ce9f0546401e/virtualenv-20.30.0.tar.gz", hash = "sha256:800863162bcaa5450a6e4d721049730e7f2dae07720e0902b0e4040bd6f9ada8", size = 4346945, upload-time = "2025-03-31T16:33:29.185Z" }
wheels = [
    { url = "https://files.pythonhosted.org/packages/4c/ed/3cfeb48175f0671ec430ede81f628f9fb2b1084c9064ca67ebe8c0ed6a05/virtualenv-20.30.0-py3-none-any.whl", hash = "sha256:e34302959180fca3af42d1800df014b35019490b119eba981af27f2fa486e5d6", size = 4329461, upload-time = "2025-03-31T16:33:26.758Z" },
]
